# This file is automatically @generated by Cargo.
# It is not intended for manual editing.
version = 4

[[package]]
name = "use-constraint"
version = "0.0.1"

[[package]]
name = "use-grid-search"
version = "0.0.1"
dependencies = [
 "use-objective",
]

[[package]]
name = "use-local-search"
version = "0.0.1"
dependencies = [
 "use-objective",
]

[[package]]
name = "use-loss"
version = "0.0.1"

[[package]]
name = "use-objective"
version = "0.0.1"

[[package]]
name = "use-optimization"
version = "0.0.1"
dependencies = [
 "use-constraint",
 "use-grid-search",
 "use-local-search",
 "use-loss",
 "use-objective",
 "use-score",
 "use-search-space",
]

[[package]]
name = "use-score"
version = "0.0.1"

[[package]]
name = "use-search-space"
version = "0.0.1"
